// !$*UTF8*$!
{
	archiveVersion = 1;
	classes = {
	};
	objectVersion = 50;
	objects = {

/* Begin PBXBuildFile section */
		C948188520FB5388003F3D28 /* AppDelegate.swift in Sources */ = {isa = PBXBuildFile; fileRef = C948188420FB5388003F3D28 /* AppDelegate.swift */; };
		C948188720FB5388003F3D28 /* ToDoListVC.swift in Sources */ = {isa = PBXBuildFile; fileRef = C948188620FB5388003F3D28 /* ToDoListVC.swift */; };
		C948188A20FB5388003F3D28 /* Main.storyboard in Resources */ = {isa = PBXBuildFile; fileRef = C948188820FB5388003F3D28 /* Main.storyboard */; };
		C948188C20FB538B003F3D28 /* Assets.xcassets in Resources */ = {isa = PBXBuildFile; fileRef = C948188B20FB538B003F3D28 /* Assets.xcassets */; };
		C948188F20FB538B003F3D28 /* LaunchScreen.storyboard in Resources */ = {isa = PBXBuildFile; fileRef = C948188D20FB538B003F3D28 /* LaunchScreen.storyboard */; };
		C94818BE20FF4BDD003F3D28 /* DataModel.xcdatamodeld in Sources */ = {isa = PBXBuildFile; fileRef = C94818BC20FF4BDD003F3D28 /* DataModel.xcdatamodeld */; };
		C9EBE66E2100D4FD000C6FEC /* CatogeryVC.swift in Sources */ = {isa = PBXBuildFile; fileRef = C9EBE66D2100D4FD000C6FEC /* CatogeryVC.swift */; };
/* End PBXBuildFile section */

/* Begin PBXFileReference section */
		C948188120FB5388003F3D28 /* todoey.app */ = {isa = PBXFileReference; explicitFileType = wrapper.application; includeInIndex = 0; path = todoey.app; sourceTree = BUILT_PRODUCTS_DIR; };
		C948188420FB5388003F3D28 /* AppDelegate.swift */ = {isa = PBXFileReference; lastKnownFileType = sourcecode.swift; path = AppDelegate.swift; sourceTree = "<group>"; };
		C948188620FB5388003F3D28 /* ToDoListVC.swift */ = {isa = PBXFileReference; lastKnownFileType = sourcecode.swift; path = ToDoListVC.swift; sourceTree = "<group>"; };
		C948188920FB5388003F3D28 /* Base */ = {isa = PBXFileReference; lastKnownFileType = file.storyboard; name = Base; path = Base.lproj/Main.storyboard; sourceTree = "<group>"; };
		C948188B20FB538B003F3D28 /* Assets.xcassets */ = {isa = PBXFileReference; lastKnownFileType = folder.assetcatalog; path = Assets.xcassets; sourceTree = "<group>"; };
		C948188E20FB538B003F3D28 /* Base */ = {isa = PBXFileReference; lastKnownFileType = file.storyboard; name = Base; path = Base.lproj/LaunchScreen.storyboard; sourceTree = "<group>"; };
		C948189020FB538B003F3D28 /* Info.plist */ = {isa = PBXFileReference; lastKnownFileType = text.plist.xml; path = Info.plist; sourceTree = "<group>"; };
		C94818BD20FF4BDD003F3D28 /* DataModel.xcdatamodel */ = {isa = PBXFileReference; lastKnownFileType = wrapper.xcdatamodel; path = DataModel.xcdatamodel; sourceTree = "<group>"; };
		C9EBE66D2100D4FD000C6FEC /* CatogeryVC.swift */ = {isa = PBXFileReference; lastKnownFileType = sourcecode.swift; path = CatogeryVC.swift; sourceTree = "<group>"; };
/* End PBXFileReference section */

/* Begin PBXFrameworksBuildPhase section */
		C948187E20FB5388003F3D28 /* Frameworks */ = {
			isa = PBXFrameworksBuildPhase;
			buildActionMask = 2147483647;
			files = (
			);
			runOnlyForDeploymentPostprocessing = 0;
		};
/* End PBXFrameworksBuildPhase section */

/* Begin PBXGroup section */
		C948187820FB5388003F3D28 = {
			isa = PBXGroup;
			children = (
				C948188320FB5388003F3D28 /* todoey */,
				C948188220FB5388003F3D28 /* Products */,
			);
			sourceTree = "<group>";
		};
		C948188220FB5388003F3D28 /* Products */ = {
			isa = PBXGroup;
			children = (
				C948188120FB5388003F3D28 /* todoey.app */,
			);
			name = Products;
			sourceTree = "<group>";
		};
		C948188320FB5388003F3D28 /* todoey */ = {
			isa = PBXGroup;
			children = (
				C948188420FB5388003F3D28 /* AppDelegate.swift */,
				C948189A20FBA960003F3D28 /* View */,
				C948189920FBA955003F3D28 /* Controllers */,
				C948189820FBA94A003F3D28 /* Data Model */,
				C948188B20FB538B003F3D28 /* Assets.xcassets */,
				C948188D20FB538B003F3D28 /* LaunchScreen.storyboard */,
				C948189020FB538B003F3D28 /* Info.plist */,
			);
			path = todoey;
			sourceTree = "<group>";
		};
		C948189820FBA94A003F3D28 /* Data Model */ = {
			isa = PBXGroup;
			children = (
				C94818BC20FF4BDD003F3D28 /* DataModel.xcdatamodeld */,
			);
			path = "Data Model";
			sourceTree = "<group>";
		};
		C948189920FBA955003F3D28 /* Controllers */ = {
			isa = PBXGroup;
			children = (
				C9EBE66D2100D4FD000C6FEC /* CatogeryVC.swift */,
				C948188620FB5388003F3D28 /* ToDoListVC.swift */,
			);
			path = Controllers;
			sourceTree = "<group>";
		};
		C948189A20FBA960003F3D28 /* View */ = {
			isa = PBXGroup;
			children = (
				C948188820FB5388003F3D28 /* Main.storyboard */,
			);
			path = View;
			sourceTree = "<group>";
		};
/* End PBXGroup section */

/* Begin PBXNativeTarget section */
		C948188020FB5388003F3D28 /* todoey */ = {
			isa = PBXNativeTarget;
			buildConfigurationList = C948189320FB538B003F3D28 /* Build configuration list for PBXNativeTarget "todoey" */;
			buildPhases = (
				C948187D20FB5388003F3D28 /* Sources */,
				C948187E20FB5388003F3D28 /* Frameworks */,
				C948187F20FB5388003F3D28 /* Resources */,
			);
			buildRules = (
			);
			dependencies = (
			);
			name = todoey;
			productName = todoey;
			productReference = C948188120FB5388003F3D28 /* todoey.app */;
			productType = "com.apple.product-type.application";
		};
/* End PBXNativeTarget section */

/* Begin PBXProject section */
		C948187920FB5388003F3D28 /* Project object */ = {
			isa = PBXProject;
			attributes = {
				LastSwiftUpdateCheck = 0940;
				LastUpgradeCheck = 0940;
				ORGANIZATIONNAME = litshiz.org;
				TargetAttributes = {
					C948188020FB5388003F3D28 = {
						CreatedOnToolsVersion = 9.4;
					};
				};
			};
			buildConfigurationList = C948187C20FB5388003F3D28 /* Build configuration list for PBXProject "todoey" */;
			compatibilityVersion = "Xcode 9.3";
			developmentRegion = en;
			hasScannedForEncodings = 0;
			knownRegions = (
				en,
				Base,
			);
			mainGroup = C948187820FB5388003F3D28;
			productRefGroup = C948188220FB5388003F3D28 /* Products */;
			projectDirPath = "";
			projectRoot = "";
			targets = (
				C948188020FB5388003F3D28 /* todoey */,
			);
		};
/* End PBXProject section */

/* Begin PBXResourcesBuildPhase section */
		C948187F20FB5388003F3D28 /* Resources */ = {
			isa = PBXResourcesBuildPhase;
			buildActionMask = 2147483647;
			files = (
				C948188F20FB538B003F3D28 /* LaunchScreen.storyboard in Resources */,
				C948188C20FB538B003F3D28 /* Assets.xcassets in Resources */,
				C948188A20FB5388003F3D28 /* Main.storyboard in Resources */,
			);
			runOnlyForDeploymentPostprocessing = 0;
		};
/* End PBXResourcesBuildPhase section */

/* Begin PBXSourcesBuildPhase section */
		C948187D20FB5388003F3D28 /* Sources */ = {
			isa = PBXSourcesBuildPhase;
			buildActionMask = 2147483647;
			files = (
				C948188720FB5388003F3D28 /* ToDoListVC.swift in Sources */,
				C94818BE20FF4BDD003F3D28 /* DataModel.xcdatamodeld in Sources */,
				C9EBE66E2100D4FD000C6FEC /* CatogeryVC.swift in Sources */,
				C948188520FB5388003F3D28 /* AppDelegate.swift in Sources */,
			);
			runOnlyForDeploymentPostprocessing = 0;
		};
/* End PBXSourcesBuildPhase section */

/* Begin PBXVariantGroup section */
		C948188820FB5388003F3D28 /* Main.storyboard */ = {
			isa = PBXVariantGroup;
			children = (
				C948188920FB5388003F3D28 /* Base */,
			);
			name = Main.storyboard;
			sourceTree = "<group>";
		};
		C948188D20FB538B003F3D28 /* LaunchScreen.storyboard */ = {
			isa = PBXVariantGroup;
			children = (
				C948188E20FB538B003F3D28 /* Base */,
			);
			name = LaunchScreen.storyboard;
			sourceTree = "<group>";
		};
/* End PBXVariantGroup section */

/* Begin XCBuildConfiguration section */
		C948189120FB538B003F3D28 /* Debug */ = {
			isa = XCBuildConfiguration;
			buildSettings = {
				ALWAYS_SEARCH_USER_PATHS = NO;
				CLANG_ANALYZER_NONNULL = YES;
				CLANG_ANALYZER_NUMBER_OBJECT_CONVERSION = YES_AGGRESSIVE;
				CLANG_CXX_LANGUAGE_STANDARD = "gnu++14";
				CLANG_CXX_LIBRARY = "libc++";
				CLANG_ENABLE_MODULES = YES;
				CLANG_ENABLE_OBJC_ARC = YES;
				CLANG_ENABLE_OBJC_WEAK = YES;
				CLANG_WARN_BLOCK_CAPTURE_AUTORELEASING = YES;
				CLANG_WARN_BOOL_CONVERSION = YES;
				CLANG_WARN_COMMA = YES;
				CLANG_WARN_CONSTANT_CONVERSION = YES;
				CLANG_WARN_DEPRECATED_OBJC_IMPLEMENTATIONS = YES;
				CLANG_WARN_DIRECT_OBJC_ISA_USAGE = YES_ERROR;
				CLANG_WARN_DOCUMENTATION_COMMENTS = YES;
				CLANG_WARN_EMPTY_BODY = YES;
				CLANG_WARN_ENUM_CONVERSION = YES;
				CLANG_WARN_INFINITE_RECURSION = YES;
				CLANG_WARN_INT_CONVERSION = YES;
				CLANG_WARN_NON_LITERAL_NULL_CONVERSION = YES;
				CLANG_WARN_OBJC_IMPLICIT_RETAIN_SELF = YES;
				CLANG_WARN_OBJC_LITERAL_CONVERSION = YES;
				CLANG_WARN_OBJC_ROOT_CLASS = YES_ERROR;
				CLANG_WARN_RANGE_LOOP_ANALYSIS = YES;
				CLANG_WARN_STRICT_PROTOTYPES = YES;
				CLANG_WARN_SUSPICIOUS_MOVE = YES;
				CLANG_WARN_UNGUARDED_AVAILABILITY = YES_AGGRESSIVE;
				CLANG_WARN_UNREACHABLE_CODE = YES;
				CLANG_WARN__DUPLICATE_METHOD_MATCH = YES;
				CODE_SIGN_IDENTITY = "iPhone Developer";
				COPY_PHASE_STRIP = NO;
				DEBUG_INFORMATION_FORMAT = dwarf;
				ENABLE_STRICT_OBJC_MSGSEND = YES;
				ENABLE_TESTABILITY = YES;
				GCC_C_LANGUAGE_STANDARD = gnu11;
				GCC_DYNAMIC_NO_PIC = NO;
				GCC_NO_COMMON_BLOCKS = YES;
				GCC_OPTIMIZATION_LEVEL = 0;
				GCC_PREPROCESSOR_DEFINITIONS = (
					"DEBUG=1",
					"$(inherited)",
				);
				GCC_WARN_64_TO_32_BIT_CONVERSION = YES;
				GCC_WARN_ABOUT_RETURN_TYPE = YES_ERROR;
				GCC_WARN_UNDECLARED_SELECTOR = YES;
				GCC_WARN_UNINITIALIZED_AUTOS = YES_AGGRESSIVE;
				GCC_WARN_UNUSED_FUNCTION = YES;
				GCC_WARN_UNUSED_VARIABLE = YES;
				IPHONEOS_DEPLOYMENT_TARGET = 11.4;
				MTL_ENABLE_DEBUG_INFO = YES;
				ONLY_ACTIVE_ARCH = YES;
				SDKROOT = iphoneos;
				SWIFT_ACTIVE_COMPILATION_CONDITIONS = DEBUG;
				SWIFT_OPTIMIZATION_LEVEL = "-Onone";
			};
			name = Debug;
		};
		C948189220FB538B003F3D28 /* Release */ = {
			isa = XCBuildConfiguration;
			buildSettings = {
				ALWAYS_SEARCH_USER_PATHS = NO;
				CLANG_ANALYZER_NONNULL = YES;
				CLANG_ANALYZER_NUMBER_OBJECT_CONVERSION = YES_AGGRESSIVE;
				CLANG_CXX_LANGUAGE_STANDARD = "gnu++14";
				CLANG_CXX_LIBRARY = "libc++";
				CLANG_ENABLE_MODULES = YES;
				CLANG_ENABLE_OBJC_ARC = YES;
				CLANG_ENABLE_OBJC_WEAK = YES;
				CLANG_WARN_BLOCK_CAPTURE_AUTORELEASING = YES;
				CLANG_WARN_BOOL_CONVERSION = YES;
				CLANG_WARN_COMMA = YES;
				CLANG_WARN_CONSTANT_CONVERSION = YES;
				CLANG_WARN_DEPRECATED_OBJC_IMPLEMENTATIONS = YES;
				CLANG_WARN_DIRECT_OBJC_ISA_USAGE = YES_ERROR;
				CLANG_WARN_DOCUMENTATION_COMMENTS = YES;
				CLANG_WARN_EMPTY_BODY = YES;
				CLANG_WARN_ENUM_CONVERSION = YES;
				CLANG_WARN_INFINITE_RECURSION = YES;
				CLANG_WARN_INT_CONVERSION = YES;
				CLANG_WARN_NON_LITERAL_NULL_CONVERSION = YES;
				CLANG_WARN_OBJC_IMPLICIT_RETAIN_SELF = YES;
				CLANG_WARN_OBJC_LITERAL_CONVERSION = YES;
				CLANG_WARN_OBJC_ROOT_CLASS = YES_ERROR;
				CLANG_WARN_RANGE_LOOP_ANALYSIS = YES;
				CLANG_WARN_STRICT_PROTOTYPES = YES;
				CLANG_WARN_SUSPICIOUS_MOVE = YES;
				CLANG_WARN_UNGUARDED_AVAILABILITY = YES_AGGRESSIVE;
				CLANG_WARN_UNREACHABLE_CODE = YES;
				CLANG_WARN__DUPLICATE_METHOD_MATCH = YES;
				CODE_SIGN_IDENTITY = "iPhone Developer";
				COPY_PHASE_STRIP = NO;
				DEBUG_INFORMATION_FORMAT = "dwarf-with-dsym";
				ENABLE_NS_ASSERTIONS = NO;
				ENABLE_STRICT_OBJC_MSGSEND = YES;
				GCC_C_LANGUAGE_STANDARD = gnu11;
				GCC_NO_COMMON_BLOCKS = YES;
				GCC_WARN_64_TO_32_BIT_CONVERSION = YES;
				GCC_WARN_ABOUT_RETURN_TYPE = YES_ERROR;
				GCC_WARN_UNDECLARED_SELECTOR = YES;
				GCC_WARN_UNINITIALIZED_AUTOS = YES_AGGRESSIVE;
				GCC_WARN_UNUSED_FUNCTION = YES;
				GCC_WARN_UNUSED_VARIABLE = YES;
				IPHONEOS_DEPLOYMENT_TARGET = 11.4;
				MTL_ENABLE_DEBUG_INFO = NO;
				SDKROOT = iphoneos;
				SWIFT_COMPILATION_MODE = wholemodule;
				SWIFT_OPTIMIZATION_LEVEL = "-O";
				VALIDATE_PRODUCT = YES;
			};
			name = Release;
		};
		C948189420FB538B003F3D28 /* Debug */ = {
			isa = XCBuildConfiguration;
			buildSettings = {
				ASSETCATALOG_COMPILER_APPICON_NAME = AppIcon;
				CODE_SIGN_STYLE = Automatic;
				INFOPLIST_FILE = todoey/Info.plist;
				LD_RUNPATH_SEARCH_PATHS = (
					"$(inherited)",
					"@executable_path/Frameworks",
				);
				PRODUCT_BUNDLE_IDENTIFIER = com.athiruandmoose.todoey;
				PRODUCT_NAME = "$(TARGET_NAME)";
				SWIFT_VERSION = 4.0;
				TARGETED_DEVICE_FAMILY = "1,2";
			};
			name = Debug;
		};
		C948189520FB538B003F3D28 /* Release */ = {
			isa = XCBuildConfiguration;
			buildSettings = {
				ASSETCATALOG_COMPILER_APPICON_NAME = AppIcon;
				CODE_SIGN_STYLE = Automatic;
				INFOPLIST_FILE = todoey/Info.plist;
				LD_RUNPATH_SEARCH_PATHS = (
					"$(inherited)",
					"@executable_path/Frameworks",
				);
				PRODUCT_BUNDLE_IDENTIFIER = com.athiruandmoose.todoey;
				PRODUCT_NAME = "$(TARGET_NAME)";
				SWIFT_VERSION = 4.0;
				TARGETED_DEVICE_FAMILY = "1,2";
			};
			name = Release;
		};
/* End XCBuildConfiguration section */

/* Begin XCConfigurationList section */
		C948187C20FB5388003F3D28 /* Build configuration list for PBXProject "todoey" */ = {
			isa = XCConfigurationList;
			buildConfigurations = (
				C948189120FB538B003F3D28 /* Debug */,
				C948189220FB538B003F3D28 /* Release */,
			);
			defaultConfigurationIsVisible = 0;
			defaultConfigurationName = Release;
		};
		C948189320FB538B003F3D28 /* Build configuration list for PBXNativeTarget "todoey" */ = {
			isa = XCConfigurationList;
			buildConfigurations = (
				C948189420FB538B003F3D28 /* Debug */,
				C948189520FB538B003F3D28 /* Release */,
			);
			defaultConfigurationIsVisible = 0;
			defaultConfigurationName = Release;
		};
/* End XCConfigurationList section */

/* Begin XCVersionGroup section */
		C94818BC20FF4BDD003F3D28 /* DataModel.xcdatamodeld */ = {
			isa = XCVersionGroup;
			children = (
				C94818BD20FF4BDD003F3D28 /* DataModel.xcdatamodel */,
			);
			currentVersion = C94818BD20FF4BDD003F3D28 /* DataModel.xcdatamodel */;
			path = DataModel.xcdatamodeld;
			sourceTree = "<group>";
			versionGroupType = wrapper.xcdatamodel;
		};
/* End XCVersionGroup section */
	};
	rootObject = C948187920FB5388003F3D28 /* Project object */;
}
